
Microsoft Visual Studio Solution File, Format Version 12.00
# Visual Studio Version 17
VisualStudioVersion = 17.0.31903.59
MinimumVisualStudioVersion = 10.0.40219.1
Project("{FAE04EC0-301F-11D3-BF4B-00C04F79EFBC}") = "LinkedInHelper", "LinkedInHelper.csproj", "{2D35EE6B-E73F-4756-9445-5F80F3308CD6}"
EndProject
Project("{2150E333-8FDC-42A3-9474-1A3956D46DE8}") = "Solution Items", "Solution Items", "{8EC462FD-D22E-90A8-E5CE-7E832BA40C5D}"
	ProjectSection(SolutionItems) = preProject
		..\..\..\..\..\..\Downloads\appIco.ico = ..\..\..\..\..\..\Downloads\appIco.ico
	EndProjectSection
EndProject
Global
	GlobalSection(SolutionConfigurationPlatforms) = preSolution
		Debug|Any CPU = Debug|Any CPU
		Debug|x64 = Debug|x64
		Debug|x86 = Debug|x86
		Release|Any CPU = Release|Any CPU
		Release|x64 = Release|x64
		Release|x86 = Release|x86
	EndGlobalSection
	GlobalSection(ProjectConfigurationPlatforms) = postSolution
		{2D35EE6B-E73F-4756-9445-5F80F3308CD6}.Debug|Any CPU.ActiveCfg = Debug|Any CPU
		{2D35EE6B-E73F-4756-9445-5F80F3308CD6}.Debug|Any CPU.Build.0 = Debug|Any CPU
		{2D35EE6B-E73F-4756-9445-5F80F3308CD6}.Debug|x64.ActiveCfg = Debug|Any CPU
		{2D35EE6B-E73F-4756-9445-5F80F3308CD6}.Debug|x64.Build.0 = Debug|Any CPU
		{2D35EE6B-E73F-4756-9445-5F80F3308CD6}.Debug|x86.ActiveCfg = Debug|Any CPU
		{2D35EE6B-E73F-4756-9445-5F80F3308CD6}.Debug|x86.Build.0 = Debug|Any CPU
		{2D35EE6B-E73F-4756-9445-5F80F3308CD6}.Release|Any CPU.ActiveCfg = Release|Any CPU
		{2D35EE6B-E73F-4756-9445-5F80F3308CD6}.Release|Any CPU.Build.0 = Release|Any CPU
		{2D35EE6B-E73F-4756-9445-5F80F3308CD6}.Release|x64.ActiveCfg = Release|Any CPU
		{2D35EE6B-E73F-4756-9445-5F80F3308CD6}.Release|x64.Build.0 = Release|Any CPU
		{2D35EE6B-E73F-4756-9445-5F80F3308CD6}.Release|x86.ActiveCfg = Release|Any CPU
		{2D35EE6B-E73F-4756-9445-5F80F3308CD6}.Release|x86.Build.0 = Release|Any CPU
	EndGlobalSection
	GlobalSection(SolutionProperties) = preSolution
		HideSolutionNode = FALSE
	EndGlobalSection
	GlobalSection(ExtensibilityGlobals) = postSolution
		SolutionGuid = {30AA53EB-43C7-45C9-AA41-8771D40097D2}
	EndGlobalSection
EndGlobal
